
Microsoft Visual Studio Solution File, Format Version 12.00
Project("{FAE04EC0-301F-11D3-BF4B-00C04F79EFBC}") = "Minesweeper", "Minesweeper\Minesweeper.csproj", "{3A6A8F76-9D72-418A-BD85-FB3273E5196B}"
EndProject
Project("{FAE04EC0-301F-11D3-BF4B-00C04F79EFBC}") = "Minesweeper.DataAccess", "Minesweeper.DataAccess\Minesweeper.DataAccess.csproj", "{428B3F90-8692-413D-9B8D-5D6FE560C7A5}"
EndProject
Global
	GlobalSection(SolutionConfigurationPlatforms) = preSolution
		Debug|Any CPU = Debug|Any CPU
		Release|Any CPU = Release|Any CPU
	EndGlobalSection
	GlobalSection(ProjectConfigurationPlatforms) = postSolution
		{3A6A8F76-9D72-418A-BD85-FB3273E5196B}.Debug|Any CPU.ActiveCfg = Debug|Any CPU
		{3A6A8F76-9D72-418A-BD85-FB3273E5196B}.Debug|Any CPU.Build.0 = Debug|Any CPU
		{3A6A8F76-9D72-418A-BD85-FB3273E5196B}.Release|Any CPU.ActiveCfg = Release|Any CPU
		{3A6A8F76-9D72-418A-BD85-FB3273E5196B}.Release|Any CPU.Build.0 = Release|Any CPU
		{428B3F90-8692-413D-9B8D-5D6FE560C7A5}.Debug|Any CPU.ActiveCfg = Debug|Any CPU
		{428B3F90-8692-413D-9B8D-5D6FE560C7A5}.Debug|Any CPU.Build.0 = Debug|Any CPU
		{428B3F90-8692-413D-9B8D-5D6FE560C7A5}.Release|Any CPU.ActiveCfg = Release|Any CPU
		{428B3F90-8692-413D-9B8D-5D6FE560C7A5}.Release|Any CPU.Build.0 = Release|Any CPU
	EndGlobalSection
EndGlobal
